// !$*UTF8*$!
{
	archiveVersion = 1;
	classes = {
	};
	objectVersion = 46;
	objects = {

/* Begin PBXBuildFile section */
		953BD5421D38567A00A41587 /* AppDelegate.swift in Sources */ = {isa = PBXBuildFile; fileRef = 953BD5411D38567A00A41587 /* AppDelegate.swift */; };
		953BD5441D38567A00A41587 /* ViewController.swift in Sources */ = {isa = PBXBuildFile; fileRef = 953BD5431D38567A00A41587 /* ViewController.swift */; };
		953BD5471D38567A00A41587 /* Main.storyboard in Resources */ = {isa = PBXBuildFile; fileRef = 953BD5451D38567A00A41587 /* Main.storyboard */; };
		953BD5491D38567A00A41587 /* Assets.xcassets in Resources */ = {isa = PBXBuildFile; fileRef = 953BD5481D38567A00A41587 /* Assets.xcassets */; };
		953BD54C1D38567A00A41587 /* LaunchScreen.storyboard in Resources */ = {isa = PBXBuildFile; fileRef = 953BD54A1D38567A00A41587 /* LaunchScreen.storyboard */; };
/* End PBXBuildFile section */

/* Begin PBXFileReference section */
		953BD53E1D38567A00A41587 /* Project6b.app */ = {isa = PBXFileReference; explicitFileType = wrapper.application; includeInIndex = 0; path = Project6b.app; sourceTree = BUILT_PRODUCTS_DIR; };
		953BD5411D38567A00A41587 /* AppDelegate.swift */ = {isa = PBXFileReference; lastKnownFileType = sourcecode.swift; path = AppDelegate.swift; sourceTree = "<group>"; };
		953BD5431D38567A00A41587 /* ViewController.swift */ = {isa = PBXFileReference; lastKnownFileType = sourcecode.swift; path = ViewController.swift; sourceTree = "<group>"; };
		953BD5461D38567A00A41587 /* Base */ = {isa = PBXFileReference; lastKnownFileType = file.storyboard; name = Base; path = Base.lproj/Main.storyboard; sourceTree = "<group>"; };
		953BD5481D38567A00A41587 /* Assets.xcassets */ = {isa = PBXFileReference; lastKnownFileType = folder.assetcatalog; path = Assets.xcassets; sourceTree = "<group>"; };
		953BD54B1D38567A00A41587 /* Base */ = {isa = PBXFileReference; lastKnownFileType = file.storyboard; name = Base; path = Base.lproj/LaunchScreen.storyboard; sourceTree = "<group>"; };
		953BD54D1D38567A00A41587 /* Info.plist */ = {isa = PBXFileReference; lastKnownFileType = text.plist.xml; path = Info.plist; sourceTree = "<group>"; };
/* End PBXFileReference section */

/* Begin PBXFrameworksBuildPhase section */
		953BD53B1D38567A00A41587 /* Frameworks */ = {
			isa = PBXFrameworksBuildPhase;
			buildActionMask = 2147483647;
			files = (
			);
			runOnlyForDeploymentPostprocessing = 0;
		};
/* End PBXFrameworksBuildPhase section */

/* Begin PBXGroup section */
		953BD5351D38567A00A41587 = {
			isa = PBXGroup;
			children = (
				953BD5401D38567A00A41587 /* Project6b */,
				953BD53F1D38567A00A41587 /* Products */,
			);
			sourceTree = "<group>";
		};
		953BD53F1D38567A00A41587 /* Products */ = {
			isa = PBXGroup;
			children = (
				953BD53E1D38567A00A41587 /* Project6b.app */,
			);
			name = Products;
			sourceTree = "<group>";
		};
		953BD5401D38567A00A41587 /* Project6b */ = {
			isa = PBXGroup;
			children = (
				953BD5411D38567A00A41587 /* AppDelegate.swift */,
				953BD5431D38567A00A41587 /* ViewController.swift */,
				953BD5451D38567A00A41587 /* Main.storyboard */,
				953BD5481D38567A00A41587 /* Assets.xcassets */,
				953BD54A1D38567A00A41587 /* LaunchScreen.storyboard */,
				953BD54D1D38567A00A41587 /* Info.plist */,
			);
			path = Project6b;
			sourceTree = "<group>";
		};
/* End PBXGroup section */

/* Begin PBXNativeTarget section */
		953BD53D1D38567A00A41587 /* Project6b */ = {
			isa = PBXNativeTarget;
			buildConfigurationList = 953BD5501D38567A00A41587 /* Build configuration list for PBXNativeTarget "Project6b" */;
			buildPhases = (
				953BD53A1D38567A00A41587 /* Sources */,
				953BD53B1D38567A00A41587 /* Frameworks */,
				953BD53C1D38567A00A41587 /* Resources */,
			);
			buildRules = (
			);
			dependencies = (
			);
			name = Project6b;
			productName = Project6b;
			productReference = 953BD53E1D38567A00A41587 /* Project6b.app */;
			productType = "com.apple.product-type.application";
		};
/* End PBXNativeTarget section */

/* Begin PBXProject section */
		953BD5361D38567A00A41587 /* Project object */ = {
			isa = PBXProject;
			attributes = {
				LastSwiftUpdateCheck = 0730;
				LastUpgradeCheck = 0730;
				ORGANIZATIONNAME = "Jeffrey Eng";
				TargetAttributes = {
					953BD53D1D38567A00A41587 = {
						CreatedOnToolsVersion = 7.3.1;
					};
				};
			};
			buildConfigurationList = 953BD5391D38567A00A41587 /* Build configuration list for PBXProject "Project6b" */;
			compatibilityVersion = "Xcode 3.2";
			developmentRegion = English;
			hasScannedForEncodings = 0;
			knownRegions = (
				en,
				Base,
			);
			mainGroup = 953BD5351D38567A00A41587;
			productRefGroup = 953BD53F1D38567A00A41587 /* Products */;
			projectDirPath = "";
			projectRoot = "";
			targets = (
				953BD53D1D38567A00A41587 /* Project6b */,
			);
		};
/* End PBXProject section */

/* Begin PBXResourcesBuildPhase section */
		953BD53C1D38567A00A41587 /* Resources */ = {
			isa = PBXResourcesBuildPhase;
			buildActionMask = 2147483647;
			files = (
				953BD54C1D38567A00A41587 /* LaunchScreen.storyboard in Resources */,
				953BD5491D38567A00A41587 /* Assets.xcassets in Resources */,
				953BD5471D38567A00A41587 /* Main.storyboard in Resources */,
			);
			runOnlyForDeploymentPostprocessing = 0;
		};
/* End PBXResourcesBuildPhase section */

/* Begin PBXSourcesBuildPhase section */
		953BD53A1D38567A00A41587 /* Sources */ = {
			isa = PBXSourcesBuildPhase;
			buildActionMask = 2147483647;
			files = (
				953BD5441D38567A00A41587 /* ViewController.swift in Sources */,
				953BD5421D38567A00A41587 /* AppDelegate.swift in Sources */,
			);
			runOnlyForDeploymentPostprocessing = 0;
		};
/* End PBXSourcesBuildPhase section */

/* Begin PBXVariantGroup section */
		953BD5451D38567A00A41587 /* Main.storyboard */ = {
			isa = PBXVariantGroup;
			children = (
				953BD5461D38567A00A41587 /* Base */,
			);
			name = Main.storyboard;
			sourceTree = "<group>";
		};
		953BD54A1D38567A00A41587 /* LaunchScreen.storyboard */ = {
			isa = PBXVariantGroup;
			children = (
				953BD54B1D38567A00A41587 /* Base */,
			);
			name = LaunchScreen.storyboard;
			sourceTree = "<group>";
		};
/* End PBXVariantGroup section */

/* Begin XCBuildConfiguration section */
		953BD54E1D38567A00A41587 /* Debug */ = {
			isa = XCBuildConfiguration;
			buildSettings = {
				ALWAYS_SEARCH_USER_PATHS = NO;
				CLANG_ANALYZER_NONNULL = YES;
				CLANG_CXX_LANGUAGE_STANDARD = "gnu++0x";
				CLANG_CXX_LIBRARY = "libc++";
				CLANG_ENABLE_MODULES = YES;
				CLANG_ENABLE_OBJC_ARC = YES;
				CLANG_WARN_BOOL_CONVERSION = YES;
				CLANG_WARN_CONSTANT_CONVERSION = YES;
				CLANG_WARN_DIRECT_OBJC_ISA_USAGE = YES_ERROR;
				CLANG_WARN_EMPTY_BODY = YES;
				CLANG_WARN_ENUM_CONVERSION = YES;
				CLANG_WARN_INT_CONVERSION = YES;
				CLANG_WARN_OBJC_ROOT_CLASS = YES_ERROR;
				CLANG_WARN_UNREACHABLE_CODE = YES;
				CLANG_WARN__DUPLICATE_METHOD_MATCH = YES;
				"CODE_SIGN_IDENTITY[sdk=iphoneos*]" = "iPhone Developer";
				COPY_PHASE_STRIP = NO;
				DEBUG_INFORMATION_FORMAT = dwarf;
				ENABLE_STRICT_OBJC_MSGSEND = YES;
				ENABLE_TESTABILITY = YES;
				GCC_C_LANGUAGE_STANDARD = gnu99;
				GCC_DYNAMIC_NO_PIC = NO;
				GCC_NO_COMMON_BLOCKS = YES;
				GCC_OPTIMIZATION_LEVEL = 0;
				GCC_PREPROCESSOR_DEFINITIONS = (
					"DEBUG=1",
					"$(inherited)",
				);
				GCC_WARN_64_TO_32_BIT_CONVERSION = YES;
				GCC_WARN_ABOUT_RETURN_TYPE = YES_ERROR;
				GCC_WARN_UNDECLARED_SELECTOR = YES;
				GCC_WARN_UNINITIALIZED_AUTOS = YES_AGGRESSIVE;
				GCC_WARN_UNUSED_FUNCTION = YES;
				GCC_WARN_UNUSED_VARIABLE = YES;
				IPHONEOS_DEPLOYMENT_TARGET = 9.3;
				MTL_ENABLE_DEBUG_INFO = YES;
				ONLY_ACTIVE_ARCH = YES;
				SDKROOT = iphoneos;
				SWIFT_OPTIMIZATION_LEVEL = "-Onone";
			};
			name = Debug;
		};
		953BD54F1D38567A00A41587 /* Release */ = {
			isa = XCBuildConfiguration;
			buildSettings = {
				ALWAYS_SEARCH_USER_PATHS = NO;
				CLANG_ANALYZER_NONNULL = YES;
				CLANG_CXX_LANGUAGE_STANDARD = "gnu++0x";
				CLANG_CXX_LIBRARY = "libc++";
				CLANG_ENABLE_MODULES = YES;
				CLANG_ENABLE_OBJC_ARC = YES;
				CLANG_WARN_BOOL_CONVERSION = YES;
				CLANG_WARN_CONSTANT_CONVERSION = YES;
				CLANG_WARN_DIRECT_OBJC_ISA_USAGE = YES_ERROR;
				CLANG_WARN_EMPTY_BODY = YES;
				CLANG_WARN_ENUM_CONVERSION = YES;
				CLANG_WARN_INT_CONVERSION = YES;
				CLANG_WARN_OBJC_ROOT_CLASS = YES_ERROR;
				CLANG_WARN_UNREACHABLE_CODE = YES;
				CLANG_WARN__DUPLICATE_METHOD_MATCH = YES;
				"CODE_SIGN_IDENTITY[sdk=iphoneos*]" = "iPhone Developer";
				COPY_PHASE_STRIP = NO;
				DEBUG_INFORMATION_FORMAT = "dwarf-with-dsym";
				ENABLE_NS_ASSERTIONS = NO;
				ENABLE_STRICT_OBJC_MSGSEND = YES;
				GCC_C_LANGUAGE_STANDARD = gnu99;
				GCC_NO_COMMON_BLOCKS = YES;
				GCC_WARN_64_TO_32_BIT_CONVERSION = YES;
				GCC_WARN_ABOUT_RETURN_TYPE = YES_ERROR;
				GCC_WARN_UNDECLARED_SELECTOR = YES;
				GCC_WARN_UNINITIALIZED_AUTOS = YES_AGGRESSIVE;
				GCC_WARN_UNUSED_FUNCTION = YES;
				GCC_WARN_UNUSED_VARIABLE = YES;
				IPHONEOS_DEPLOYMENT_TARGET = 9.3;
				MTL_ENABLE_DEBUG_INFO = NO;
				SDKROOT = iphoneos;
				VALIDATE_PRODUCT = YES;
			};
			name = Release;
		};
		953BD5511D38567A00A41587 /* Debug */ = {
			isa = XCBuildConfiguration;
			buildSettings = {
				ASSETCATALOG_COMPILER_APPICON_NAME = AppIcon;
				INFOPLIST_FILE = Project6b/Info.plist;
				LD_RUNPATH_SEARCH_PATHS = "$(inherited) @executable_path/Frameworks";
				PRODUCT_BUNDLE_IDENTIFIER = com.jeffeng.Project6b;
				PRODUCT_NAME = "$(TARGET_NAME)";
			};
			name = Debug;
		};
		953BD5521D38567A00A41587 /* Release */ = {
			isa = XCBuildConfiguration;
			buildSettings = {
				ASSETCATALOG_COMPILER_APPICON_NAME = AppIcon;
				INFOPLIST_FILE = Project6b/Info.plist;
				LD_RUNPATH_SEARCH_PATHS = "$(inherited) @executable_path/Frameworks";
				PRODUCT_BUNDLE_IDENTIFIER = com.jeffeng.Project6b;
				PRODUCT_NAME = "$(TARGET_NAME)";
			};
			name = Release;
		};
/* End XCBuildConfiguration section */

/* Begin XCConfigurationList section */
		953BD5391D38567A00A41587 /* Build configuration list for PBXProject "Project6b" */ = {
			isa = XCConfigurationList;
			buildConfigurations = (
				953BD54E1D38567A00A41587 /* Debug */,
				953BD54F1D38567A00A41587 /* Release */,
			);
			defaultConfigurationIsVisible = 0;
			defaultConfigurationName = Release;
		};
		953BD5501D38567A00A41587 /* Build configuration list for PBXNativeTarget "Project6b" */ = {
			isa = XCConfigurationList;
			buildConfigurations = (
				953BD5511D38567A00A41587 /* Debug */,
				953BD5521D38567A00A41587 /* Release */,
			);
			defaultConfigurationIsVisible = 0;
		};
/* End XCConfigurationList section */
	};
	rootObject = 953BD5361D38567A00A41587 /* Project object */;
}
